
Microsoft Visual Studio Solution File, Format Version 12.00
# Visual Studio Version 17
VisualStudioVersion = 17.14.36401.2 d17.14
MinimumVisualStudioVersion = 10.0.40219.1
Project("{FAE04EC0-301F-11D3-BF4B-00C04F79EFBC}") = "MyFreeSql.Generator", "MyFreeSql.Generator.csproj", "{89E2D29C-BAE6-B1AC-C619-579AF86610FC}"
EndProject
Global
	GlobalSection(SolutionConfigurationPlatforms) = preSolution
		Debug|Any CPU = Debug|Any CPU
		Release|Any CPU = Release|Any CPU
	EndGlobalSection
	GlobalSection(ProjectConfigurationPlatforms) = postSolution
		{89E2D29C-BAE6-B1AC-C619-579AF86610FC}.Debug|Any CPU.ActiveCfg = Debug|Any CPU
		{89E2D29C-BAE6-B1AC-C619-579AF86610FC}.Debug|Any CPU.Build.0 = Debug|Any CPU
		{89E2D29C-BAE6-B1AC-C619-579AF86610FC}.Release|Any CPU.ActiveCfg = Release|Any CPU
		{89E2D29C-BAE6-B1AC-C619-579AF86610FC}.Release|Any CPU.Build.0 = Release|Any CPU
	EndGlobalSection
	GlobalSection(SolutionProperties) = preSolution
		HideSolutionNode = FALSE
	EndGlobalSection
	GlobalSection(ExtensibilityGlobals) = postSolution
		SolutionGuid = {FD761386-AFCB-49BA-B987-41A5A75F922E}
	EndGlobalSection
EndGlobal
